Microsoft Visual Studio Solution File, Format Version 12.00
# Visual Studio Version 16
VisualStudioVersion = 16.0.0.0
MinimumVisualStudioVersion = 16.0.0.0
Project("{9A19103F-16F7-4668-BE54-9A1E7A4F7556}") = "Blazor-Custom-Redux", "Blazor-Custom-Redux\Blazor-Custom-Redux.csproj", "{8CB9D223-A71B-42AA-B136-C84355B74874}"
EndProject
Project("{9A19103F-16F7-4668-BE54-9A1E7A4F7556}") = "Blazor-Custom-Redux.Client", "Blazor-Custom-Redux.Client\Blazor-Custom-Redux.Client.csproj", "{A3632859-83F9-4293-89B9-18B210E3542E}"
EndProject
Global
	GlobalSection(SolutionConfigurationPlatforms) = preSolution
		Debug|Any CPU = Debug|Any CPU
		Debug|x64 = Debug|x64
		Debug|x86 = Debug|x86
		Release|Any CPU = Release|Any CPU
		Release|x64 = Release|x64
		Release|x86 = Release|x86
	EndGlobalSection
	GlobalSection(ProjectConfigurationPlatforms) = postSolution
		{A3632859-83F9-4293-89B9-18B210E3542E}.Debug|Any CPU.ActiveCfg = Debug|Any CPU
		{A3632859-83F9-4293-89B9-18B210E3542E}.Debug|Any CPU.Build.0 = Debug|Any CPU
		{A3632859-83F9-4293-89B9-18B210E3542E}.Debug|x64.ActiveCfg = Debug|Any CPU
		{A3632859-83F9-4293-89B9-18B210E3542E}.Debug|x64.Build.0 = Debug|Any CPU
		{A3632859-83F9-4293-89B9-18B210E3542E}.Debug|x86.ActiveCfg = Debug|Any CPU
		{A3632859-83F9-4293-89B9-18B210E3542E}.Debug|x86.Build.0 = Debug|Any CPU
		{A3632859-83F9-4293-89B9-18B210E3542E}.Release|Any CPU.ActiveCfg = Release|Any CPU
		{A3632859-83F9-4293-89B9-18B210E3542E}.Release|Any CPU.Build.0 = Release|Any CPU
		{A3632859-83F9-4293-89B9-18B210E3542E}.Release|x64.ActiveCfg = Release|Any CPU
		{A3632859-83F9-4293-89B9-18B210E3542E}.Release|x64.Build.0 = Release|Any CPU
		{A3632859-83F9-4293-89B9-18B210E3542E}.Release|x86.ActiveCfg = Release|Any CPU
		{A3632859-83F9-4293-89B9-18B210E3542E}.Release|x86.Build.0 = Release|Any CPU
		{8CB9D223-A71B-42AA-B136-C84355B74874}.Debug|Any CPU.ActiveCfg = Debug|Any CPU
		{8CB9D223-A71B-42AA-B136-C84355B74874}.Debug|Any CPU.Build.0 = Debug|Any CPU
		{8CB9D223-A71B-42AA-B136-C84355B74874}.Debug|x64.ActiveCfg = Debug|Any CPU
		{8CB9D223-A71B-42AA-B136-C84355B74874}.Debug|x64.Build.0 = Debug|Any CPU
		{8CB9D223-A71B-42AA-B136-C84355B74874}.Debug|x86.ActiveCfg = Debug|Any CPU
		{8CB9D223-A71B-42AA-B136-C84355B74874}.Debug|x86.Build.0 = Debug|Any CPU
		{8CB9D223-A71B-42AA-B136-C84355B74874}.Release|Any CPU.ActiveCfg = Release|Any CPU
		{8CB9D223-A71B-42AA-B136-C84355B74874}.Release|Any CPU.Build.0 = Release|Any CPU
		{8CB9D223-A71B-42AA-B136-C84355B74874}.Release|x64.ActiveCfg = Release|Any CPU
		{8CB9D223-A71B-42AA-B136-C84355B74874}.Release|x64.Build.0 = Release|Any CPU
		{8CB9D223-A71B-42AA-B136-C84355B74874}.Release|x86.ActiveCfg = Release|Any CPU
		{8CB9D223-A71B-42AA-B136-C84355B74874}.Release|x86.Build.0 = Release|Any CPU
	EndGlobalSection
	GlobalSection(SolutionProperties) = preSolution
		HideSolutionNode = FALSE
	EndGlobalSection
	GlobalSection(ExtensibilityGlobals) = postSolution
		SolutionGuid = {37A03775-3A6D-49AC-B945-611D8D625C30}
	EndGlobalSection
EndGlobal
